
Microsoft Visual Studio Solution File, Format Version 12.00
# Visual Studio 2013
VisualStudioVersion = 12.0.40629.0
MinimumVisualStudioVersion = 10.0.40219.1
Project("{FAE04EC0-301F-11D3-BF4B-00C04F79EFBC}") = "AngularSinglePage", "AngularSinglePage\AngularSinglePage.csproj", "{87A7EF54-981D-41B2-A7E2-4C6559A38B94}"
EndProject
Project("{FAE04EC0-301F-11D3-BF4B-00C04F79EFBC}") = "AngularSinglePage.Tests", "AngularSinglePage.Tests\AngularSinglePage.Tests.csproj", "{0906F03F-EB7D-4D43-B021-FA9615922A81}"
EndProject
Global
	GlobalSection(SolutionConfigurationPlatforms) = preSolution
		Debug|Any CPU = Debug|Any CPU
		Release|Any CPU = Release|Any CPU
	EndGlobalSection
	GlobalSection(ProjectConfigurationPlatforms) = postSolution
		{87A7EF54-981D-41B2-A7E2-4C6559A38B94}.Debug|Any CPU.ActiveCfg = Debug|Any CPU
		{87A7EF54-981D-41B2-A7E2-4C6559A38B94}.Debug|Any CPU.Build.0 = Debug|Any CPU
		{87A7EF54-981D-41B2-A7E2-4C6559A38B94}.Release|Any CPU.ActiveCfg = Release|Any CPU
		{87A7EF54-981D-41B2-A7E2-4C6559A38B94}.Release|Any CPU.Build.0 = Release|Any CPU
		{0906F03F-EB7D-4D43-B021-FA9615922A81}.Debug|Any CPU.ActiveCfg = Debug|Any CPU
		{0906F03F-EB7D-4D43-B021-FA9615922A81}.Debug|Any CPU.Build.0 = Debug|Any CPU
		{0906F03F-EB7D-4D43-B021-FA9615922A81}.Release|Any CPU.ActiveCfg = Release|Any CPU
		{0906F03F-EB7D-4D43-B021-FA9615922A81}.Release|Any CPU.Build.0 = Release|Any CPU
	EndGlobalSection
	GlobalSection(SolutionProperties) = preSolution
		HideSolutionNode = FALSE
	EndGlobalSection
EndGlobal
